// !$*UTF8*$!
{
	archiveVersion = 1;
	classes = {
	};
	objectVersion = 50;
	objects = {

/* Begin PBXBuildFile section */
		44FC18D120BD3B2F00E558FC /* AppDelegate.swift in Sources */ = {isa = PBXBuildFile; fileRef = 44FC18D020BD3B2F00E558FC /* AppDelegate.swift */; };
		44FC18D320BD3B2F00E558FC /* ViewController.swift in Sources */ = {isa = PBXBuildFile; fileRef = 44FC18D220BD3B2F00E558FC /* ViewController.swift */; };
		44FC18D620BD3B2F00E558FC /* Main.storyboard in Resources */ = {isa = PBXBuildFile; fileRef = 44FC18D420BD3B2F00E558FC /* Main.storyboard */; };
		44FC18D820BD3B3100E558FC /* Assets.xcassets in Resources */ = {isa = PBXBuildFile; fileRef = 44FC18D720BD3B3100E558FC /* Assets.xcassets */; };
		44FC18DB20BD3B3100E558FC /* LaunchScreen.storyboard in Resources */ = {isa = PBXBuildFile; fileRef = 44FC18D920BD3B3100E558FC /* LaunchScreen.storyboard */; };
		44FC18E620BD3B3100E558FC /* MexiRefTests.swift in Sources */ = {isa = PBXBuildFile; fileRef = 44FC18E520BD3B3100E558FC /* MexiRefTests.swift */; };
		44FC18F120BD3B3100E558FC /* MexiRefUITests.swift in Sources */ = {isa = PBXBuildFile; fileRef = 44FC18F020BD3B3100E558FC /* MexiRefUITests.swift */; };
		9C7D6B79FEB1461A99C2F4C6 /* Pods_MexiRefUITests.framework in Frameworks */ = {isa = PBXBuildFile; fileRef = 30FDFBB90F8B6A4D15B58D36 /* Pods_MexiRefUITests.framework */; };
		A8E39DC0E5896D58E3EE3D11 /* Pods_MexiRefTests.framework in Frameworks */ = {isa = PBXBuildFile; fileRef = 38A9F4BFF92EBB3FE4AADC1D /* Pods_MexiRefTests.framework */; };
		FD33AA483449EB2A055FD9D1 /* Pods_MexiRef.framework in Frameworks */ = {isa = PBXBuildFile; fileRef = 5B80BC1B25CBD2B09439EC25 /* Pods_MexiRef.framework */; };
/* End PBXBuildFile section */

/* Begin PBXContainerItemProxy section */
		44FC18E220BD3B3100E558FC /* PBXContainerItemProxy */ = {
			isa = PBXContainerItemProxy;
			containerPortal = 44FC18C520BD3B2F00E558FC /* Project object */;
			proxyType = 1;
			remoteGlobalIDString = 44FC18CC20BD3B2F00E558FC;
			remoteInfo = MexiRef;
		};
		44FC18ED20BD3B3100E558FC /* PBXContainerItemProxy */ = {
			isa = PBXContainerItemProxy;
			containerPortal = 44FC18C520BD3B2F00E558FC /* Project object */;
			proxyType = 1;
			remoteGlobalIDString = 44FC18CC20BD3B2F00E558FC;
			remoteInfo = MexiRef;
		};
/* End PBXContainerItemProxy section */

/* Begin PBXFileReference section */
		30FDFBB90F8B6A4D15B58D36 /* Pods_MexiRefUITests.framework */ = {isa = PBXFileReference; explicitFileType = wrapper.framework; includeInIndex = 0; path = Pods_MexiRefUITests.framework; sourceTree = BUILT_PRODUCTS_DIR; };
		329BCFB6E3F00EE6AEDFAA68 /* Pods-MexiRef.release.xcconfig */ = {isa = PBXFileReference; includeInIndex = 1; lastKnownFileType = text.xcconfig; name = "Pods-MexiRef.release.xcconfig"; path = "Pods/Target Support Files/Pods-MexiRef/Pods-MexiRef.release.xcconfig"; sourceTree = "<group>"; };
		354967C9D4AA4663D23D4208 /* Pods-MexiRefTests.debug.xcconfig */ = {isa = PBXFileReference; includeInIndex = 1; lastKnownFileType = text.xcconfig; name = "Pods-MexiRefTests.debug.xcconfig"; path = "Pods/Target Support Files/Pods-MexiRefTests/Pods-MexiRefTests.debug.xcconfig"; sourceTree = "<group>"; };
		38A9F4BFF92EBB3FE4AADC1D /* Pods_MexiRefTests.framework */ = {isa = PBXFileReference; explicitFileType = wrapper.framework; includeInIndex = 0; path = Pods_MexiRefTests.framework; sourceTree = BUILT_PRODUCTS_DIR; };
		44FC18CD20BD3B2F00E558FC /* MexiRef.app */ = {isa = PBXFileReference; explicitFileType = wrapper.application; includeInIndex = 0; path = MexiRef.app; sourceTree = BUILT_PRODUCTS_DIR; };
		44FC18D020BD3B2F00E558FC /* AppDelegate.swift */ = {isa = PBXFileReference; lastKnownFileType = sourcecode.swift; path = AppDelegate.swift; sourceTree = "<group>"; };
		44FC18D220BD3B2F00E558FC /* ViewController.swift */ = {isa = PBXFileReference; lastKnownFileType = sourcecode.swift; path = ViewController.swift; sourceTree = "<group>"; };
		44FC18D520BD3B2F00E558FC /* Base */ = {isa = PBXFileReference; lastKnownFileType = file.storyboard; name = Base; path = Base.lproj/Main.storyboard; sourceTree = "<group>"; };
		44FC18D720BD3B3100E558FC /* Assets.xcassets */ = {isa = PBXFileReference; lastKnownFileType = folder.assetcatalog; path = Assets.xcassets; sourceTree = "<group>"; };
		44FC18DA20BD3B3100E558FC /* Base */ = {isa = PBXFileReference; lastKnownFileType = file.storyboard; name = Base; path = Base.lproj/LaunchScreen.storyboard; sourceTree = "<group>"; };
		44FC18DC20BD3B3100E558FC /* Info.plist */ = {isa = PBXFileReference; lastKnownFileType = text.plist.xml; path = Info.plist; sourceTree = "<group>"; };
		44FC18E120BD3B3100E558FC /* MexiRefTests.xctest */ = {isa = PBXFileReference; explicitFileType = wrapper.cfbundle; includeInIndex = 0; path = MexiRefTests.xctest; sourceTree = BUILT_PRODUCTS_DIR; };
		44FC18E520BD3B3100E558FC /* MexiRefTests.swift */ = {isa = PBXFileReference; lastKnownFileType = sourcecode.swift; path = MexiRefTests.swift; sourceTree = "<group>"; };
		44FC18E720BD3B3100E558FC /* Info.plist */ = {isa = PBXFileReference; lastKnownFileType = text.plist.xml; path = Info.plist; sourceTree = "<group>"; };
		44FC18EC20BD3B3100E558FC /* MexiRefUITests.xctest */ = {isa = PBXFileReference; explicitFileType = wrapper.cfbundle; includeInIndex = 0; path = MexiRefUITests.xctest; sourceTree = BUILT_PRODUCTS_DIR; };
		44FC18F020BD3B3100E558FC /* MexiRefUITests.swift */ = {isa = PBXFileReference; lastKnownFileType = sourcecode.swift; path = MexiRefUITests.swift; sourceTree = "<group>"; };
		44FC18F220BD3B3100E558FC /* Info.plist */ = {isa = PBXFileReference; lastKnownFileType = text.plist.xml; path = Info.plist; sourceTree = "<group>"; };
		4C4ED437A0B4076AB2720462 /* Pods-MexiRefTests.release.xcconfig */ = {isa = PBXFileReference; includeInIndex = 1; lastKnownFileType = text.xcconfig; name = "Pods-MexiRefTests.release.xcconfig"; path = "Pods/Target Support Files/Pods-MexiRefTests/Pods-MexiRefTests.release.xcconfig"; sourceTree = "<group>"; };
		5B80BC1B25CBD2B09439EC25 /* Pods_MexiRef.framework */ = {isa = PBXFileReference; explicitFileType = wrapper.framework; includeInIndex = 0; path = Pods_MexiRef.framework; sourceTree = BUILT_PRODUCTS_DIR; };
		D4956AF025E5BE84B173500C /* Pods-MexiRef.debug.xcconfig */ = {isa = PBXFileReference; includeInIndex = 1; lastKnownFileType = text.xcconfig; name = "Pods-MexiRef.debug.xcconfig"; path = "Pods/Target Support Files/Pods-MexiRef/Pods-MexiRef.debug.xcconfig"; sourceTree = "<group>"; };
		E9BC22BA6BFCAB8D11594E18 /* Pods-MexiRefUITests.debug.xcconfig */ = {isa = PBXFileReference; includeInIndex = 1; lastKnownFileType = text.xcconfig; name = "Pods-MexiRefUITests.debug.xcconfig"; path = "Pods/Target Support Files/Pods-MexiRefUITests/Pods-MexiRefUITests.debug.xcconfig"; sourceTree = "<group>"; };
		EDDF360A3A6508EE425EE6D6 /* Pods-MexiRefUITests.release.xcconfig */ = {isa = PBXFileReference; includeInIndex = 1; lastKnownFileType = text.xcconfig; name = "Pods-MexiRefUITests.release.xcconfig"; path = "Pods/Target Support Files/Pods-MexiRefUITests/Pods-MexiRefUITests.release.xcconfig"; sourceTree = "<group>"; };
/* End PBXFileReference section */

/* Begin PBXFrameworksBuildPhase section */
		44FC18CA20BD3B2F00E558FC /* Frameworks */ = {
			isa = PBXFrameworksBuildPhase;
			buildActionMask = 2147483647;
			files = (
				FD33AA483449EB2A055FD9D1 /* Pods_MexiRef.framework in Frameworks */,
			);
			runOnlyForDeploymentPostprocessing = 0;
		};
		44FC18DE20BD3B3100E558FC /* Frameworks */ = {
			isa = PBXFrameworksBuildPhase;
			buildActionMask = 2147483647;
			files = (
				A8E39DC0E5896D58E3EE3D11 /* Pods_MexiRefTests.framework in Frameworks */,
			);
			runOnlyForDeploymentPostprocessing = 0;
		};
		44FC18E920BD3B3100E558FC /* Frameworks */ = {
			isa = PBXFrameworksBuildPhase;
			buildActionMask = 2147483647;
			files = (
				9C7D6B79FEB1461A99C2F4C6 /* Pods_MexiRefUITests.framework in Frameworks */,
			);
			runOnlyForDeploymentPostprocessing = 0;
		};
/* End PBXFrameworksBuildPhase section */

/* Begin PBXGroup section */
		0F1FEF336CFDD0E601343238 /* Pods */ = {
			isa = PBXGroup;
			children = (
				D4956AF025E5BE84B173500C /* Pods-MexiRef.debug.xcconfig */,
				329BCFB6E3F00EE6AEDFAA68 /* Pods-MexiRef.release.xcconfig */,
				354967C9D4AA4663D23D4208 /* Pods-MexiRefTests.debug.xcconfig */,
				4C4ED437A0B4076AB2720462 /* Pods-MexiRefTests.release.xcconfig */,
				E9BC22BA6BFCAB8D11594E18 /* Pods-MexiRefUITests.debug.xcconfig */,
				EDDF360A3A6508EE425EE6D6 /* Pods-MexiRefUITests.release.xcconfig */,
			);
			name = Pods;
			sourceTree = "<group>";
		};
		44FC18C420BD3B2F00E558FC = {
			isa = PBXGroup;
			children = (
				44FC18CF20BD3B2F00E558FC /* MexiRef */,
				44FC18E420BD3B3100E558FC /* MexiRefTests */,
				44FC18EF20BD3B3100E558FC /* MexiRefUITests */,
				44FC18CE20BD3B2F00E558FC /* Products */,
				0F1FEF336CFDD0E601343238 /* Pods */,
				67FF38F146B9C736BE0862CB /* Frameworks */,
			);
			sourceTree = "<group>";
		};
		44FC18CE20BD3B2F00E558FC /* Products */ = {
			isa = PBXGroup;
			children = (
				44FC18CD20BD3B2F00E558FC /* MexiRef.app */,
				44FC18E120BD3B3100E558FC /* MexiRefTests.xctest */,
				44FC18EC20BD3B3100E558FC /* MexiRefUITests.xctest */,
			);
			name = Products;
			sourceTree = "<group>";
		};
		44FC18CF20BD3B2F00E558FC /* MexiRef */ = {
			isa = PBXGroup;
			children = (
				44FC18D020BD3B2F00E558FC /* AppDelegate.swift */,
				44FC18D220BD3B2F00E558FC /* ViewController.swift */,
				44FC18D420BD3B2F00E558FC /* Main.storyboard */,
				44FC18D720BD3B3100E558FC /* Assets.xcassets */,
				44FC18D920BD3B3100E558FC /* LaunchScreen.storyboard */,
				44FC18DC20BD3B3100E558FC /* Info.plist */,
			);
			path = MexiRef;
			sourceTree = "<group>";
		};
		44FC18E420BD3B3100E558FC /* MexiRefTests */ = {
			isa = PBXGroup;
			children = (
				44FC18E520BD3B3100E558FC /* MexiRefTests.swift */,
				44FC18E720BD3B3100E558FC /* Info.plist */,
			);
			path = MexiRefTests;
			sourceTree = "<group>";
		};
		44FC18EF20BD3B3100E558FC /* MexiRefUITests */ = {
			isa = PBXGroup;
			children = (
				44FC18F020BD3B3100E558FC /* MexiRefUITests.swift */,
				44FC18F220BD3B3100E558FC /* Info.plist */,
			);
			path = MexiRefUITests;
			sourceTree = "<group>";
		};
		67FF38F146B9C736BE0862CB /* Frameworks */ = {
			isa = PBXGroup;
			children = (
				5B80BC1B25CBD2B09439EC25 /* Pods_MexiRef.framework */,
				38A9F4BFF92EBB3FE4AADC1D /* Pods_MexiRefTests.framework */,
				30FDFBB90F8B6A4D15B58D36 /* Pods_MexiRefUITests.framework */,
			);
			name = Frameworks;
			sourceTree = "<group>";
		};
/* End PBXGroup section */

/* Begin PBXNativeTarget section */
		44FC18CC20BD3B2F00E558FC /* MexiRef */ = {
			isa = PBXNativeTarget;
			buildConfigurationList = 44FC18F520BD3B3100E558FC /* Build configuration list for PBXNativeTarget "MexiRef" */;
			buildPhases = (
				188227E8570B24FE03C1C913 /* [CP] Check Pods Manifest.lock */,
				44FC18C920BD3B2F00E558FC /* Sources */,
				44FC18CA20BD3B2F00E558FC /* Frameworks */,
				44FC18CB20BD3B2F00E558FC /* Resources */,
				FD7865150B2FC0E2A5F3E3F3 /* [CP] Embed Pods Frameworks */,
				1661C73D6EEBF6C1DDBF228B /* [CP] Copy Pods Resources */,
			);
			buildRules = (
			);
			dependencies = (
			);
			name = MexiRef;
			productName = MexiRef;
			productReference = 44FC18CD20BD3B2F00E558FC /* MexiRef.app */;
			productType = "com.apple.product-type.application";
		};
		44FC18E020BD3B3100E558FC /* MexiRefTests */ = {
			isa = PBXNativeTarget;
			buildConfigurationList = 44FC18F820BD3B3100E558FC /* Build configuration list for PBXNativeTarget "MexiRefTests" */;
			buildPhases = (
				82A6E9DE23A188BC23FA7703 /* [CP] Check Pods Manifest.lock */,
				44FC18DD20BD3B3100E558FC /* Sources */,
				44FC18DE20BD3B3100E558FC /* Frameworks */,
				44FC18DF20BD3B3100E558FC /* Resources */,
				D4F4DF38F0BDB19D08BD66BC /* [CP] Embed Pods Frameworks */,
				D7A4E38DB72D3ED06A59C8B8 /* [CP] Copy Pods Resources */,
			);
			buildRules = (
			);
			dependencies = (
				44FC18E320BD3B3100E558FC /* PBXTargetDependency */,
			);
			name = MexiRefTests;
			productName = MexiRefTests;
			productReference = 44FC18E120BD3B3100E558FC /* MexiRefTests.xctest */;
			productType = "com.apple.product-type.bundle.unit-test";
		};
		44FC18EB20BD3B3100E558FC /* MexiRefUITests */ = {
			isa = PBXNativeTarget;
			buildConfigurationList = 44FC18FB20BD3B3100E558FC /* Build configuration list for PBXNativeTarget "MexiRefUITests" */;
			buildPhases = (
				A4E6607A142AF1ECF1E95361 /* [CP] Check Pods Manifest.lock */,
				44FC18E820BD3B3100E558FC /* Sources */,
				44FC18E920BD3B3100E558FC /* Frameworks */,
				44FC18EA20BD3B3100E558FC /* Resources */,
				B172B37DE2CE0E0688FEC744 /* [CP] Embed Pods Frameworks */,
				F459048D2CFB23400C957E5B /* [CP] Copy Pods Resources */,
			);
			buildRules = (
			);
			dependencies = (
				44FC18EE20BD3B3100E558FC /* PBXTargetDependency */,
			);
			name = MexiRefUITests;
			productName = MexiRefUITests;
			productReference = 44FC18EC20BD3B3100E558FC /* MexiRefUITests.xctest */;
			productType = "com.apple.product-type.bundle.ui-testing";
		};
/* End PBXNativeTarget section */

/* Begin PBXProject section */
		44FC18C520BD3B2F00E558FC /* Project object */ = {
			isa = PBXProject;
			attributes = {
				LastSwiftUpdateCheck = 0930;
				LastUpgradeCheck = 0930;
				ORGANIZATIONNAME = "AURORA RUELAS";
				TargetAttributes = {
					44FC18CC20BD3B2F00E558FC = {
						CreatedOnToolsVersion = 9.3;
					};
					44FC18E020BD3B3100E558FC = {
						CreatedOnToolsVersion = 9.3;
						TestTargetID = 44FC18CC20BD3B2F00E558FC;
					};
					44FC18EB20BD3B3100E558FC = {
						CreatedOnToolsVersion = 9.3;
						TestTargetID = 44FC18CC20BD3B2F00E558FC;
					};
				};
			};
			buildConfigurationList = 44FC18C820BD3B2F00E558FC /* Build configuration list for PBXProject "MexiRef" */;
			compatibilityVersion = "Xcode 9.3";
			developmentRegion = en;
			hasScannedForEncodings = 0;
			knownRegions = (
				en,
				Base,
			);
			mainGroup = 44FC18C420BD3B2F00E558FC;
			productRefGroup = 44FC18CE20BD3B2F00E558FC /* Products */;
			projectDirPath = "";
			projectRoot = "";
			targets = (
				44FC18CC20BD3B2F00E558FC /* MexiRef */,
				44FC18E020BD3B3100E558FC /* MexiRefTests */,
				44FC18EB20BD3B3100E558FC /* MexiRefUITests */,
			);
		};
/* End PBXProject section */

/* Begin PBXResourcesBuildPhase section */
		44FC18CB20BD3B2F00E558FC /* Resources */ = {
			isa = PBXResourcesBuildPhase;
			buildActionMask = 2147483647;
			files = (
				44FC18DB20BD3B3100E558FC /* LaunchScreen.storyboard in Resources */,
				44FC18D820BD3B3100E558FC /* Assets.xcassets in Resources */,
				44FC18D620BD3B2F00E558FC /* Main.storyboard in Resources */,
			);
			runOnlyForDeploymentPostprocessing = 0;
		};
		44FC18DF20BD3B3100E558FC /* Resources */ = {
			isa = PBXResourcesBuildPhase;
			buildActionMask = 2147483647;
			files = (
			);
			runOnlyForDeploymentPostprocessing = 0;
		};
		44FC18EA20BD3B3100E558FC /* Resources */ = {
			isa = PBXResourcesBuildPhase;
			buildActionMask = 2147483647;
			files = (
			);
			runOnlyForDeploymentPostprocessing = 0;
		};
/* End PBXResourcesBuildPhase section */

/* Begin PBXShellScriptBuildPhase section */
		1661C73D6EEBF6C1DDBF228B /* [CP] Copy Pods Resources */ = {
			isa = PBXShellScriptBuildPhase;
			buildActionMask = 2147483647;
			files = (
			);
			inputPaths = (
			);
			name = "[CP] Copy Pods Resources";
			outputPaths = (
			);
			runOnlyForDeploymentPostprocessing = 0;
			shellPath = /bin/sh;
			shellScript = "\"${SRCROOT}/Pods/Target Support Files/Pods-MexiRef/Pods-MexiRef-resources.sh\"\n";
			showEnvVarsInLog = 0;
		};
		188227E8570B24FE03C1C913 /* [CP] Check Pods Manifest.lock */ = {
			isa = PBXShellScriptBuildPhase;
			buildActionMask = 2147483647;
			files = (
			);
			inputPaths = (
				"${PODS_PODFILE_DIR_PATH}/Podfile.lock",
				"${PODS_ROOT}/Manifest.lock",
			);
			name = "[CP] Check Pods Manifest.lock";
			outputPaths = (
				"$(DERIVED_FILE_DIR)/Pods-MexiRef-checkManifestLockResult.txt",
			);
			runOnlyForDeploymentPostprocessing = 0;
			shellPath = /bin/sh;
			shellScript = "diff \"${PODS_PODFILE_DIR_PATH}/Podfile.lock\" \"${PODS_ROOT}/Manifest.lock\" > /dev/null\nif [ $? != 0 ] ; then\n    # print error to STDERR\n    echo \"error: The sandbox is not in sync with the Podfile.lock. Run 'pod install' or update your CocoaPods installation.\" >&2\n    exit 1\nfi\n# This output is used by Xcode 'outputs' to avoid re-running this script phase.\necho \"SUCCESS\" > \"${SCRIPT_OUTPUT_FILE_0}\"\n";
			showEnvVarsInLog = 0;
		};
		82A6E9DE23A188BC23FA7703 /* [CP] Check Pods Manifest.lock */ = {
			isa = PBXShellScriptBuildPhase;
			buildActionMask = 2147483647;
			files = (
			);
			inputPaths = (
				"${PODS_PODFILE_DIR_PATH}/Podfile.lock",
				"${PODS_ROOT}/Manifest.lock",
			);
			name = "[CP] Check Pods Manifest.lock";
			outputPaths = (
				"$(DERIVED_FILE_DIR)/Pods-MexiRefTests-checkManifestLockResult.txt",
			);
			runOnlyForDeploymentPostprocessing = 0;
			shellPath = /bin/sh;
			shellScript = "diff \"${PODS_PODFILE_DIR_PATH}/Podfile.lock\" \"${PODS_ROOT}/Manifest.lock\" > /dev/null\nif [ $? != 0 ] ; then\n    # print error to STDERR\n    echo \"error: The sandbox is not in sync with the Podfile.lock. Run 'pod install' or update your CocoaPods installation.\" >&2\n    exit 1\nfi\n# This output is used by Xcode 'outputs' to avoid re-running this script phase.\necho \"SUCCESS\" > \"${SCRIPT_OUTPUT_FILE_0}\"\n";
			showEnvVarsInLog = 0;
		};
		A4E6607A142AF1ECF1E95361 /* [CP] Check Pods Manifest.lock */ = {
			isa = PBXShellScriptBuildPhase;
			buildActionMask = 2147483647;
			files = (
			);
			inputPaths = (
				"${PODS_PODFILE_DIR_PATH}/Podfile.lock",
				"${PODS_ROOT}/Manifest.lock",
			);
			name = "[CP] Check Pods Manifest.lock";
			outputPaths = (
				"$(DERIVED_FILE_DIR)/Pods-MexiRefUITests-checkManifestLockResult.txt",
			);
			runOnlyForDeploymentPostprocessing = 0;
			shellPath = /bin/sh;
			shellScript = "diff \"${PODS_PODFILE_DIR_PATH}/Podfile.lock\" \"${PODS_ROOT}/Manifest.lock\" > /dev/null\nif [ $? != 0 ] ; then\n    # print error to STDERR\n    echo \"error: The sandbox is not in sync with the Podfile.lock. Run 'pod install' or update your CocoaPods installation.\" >&2\n    exit 1\nfi\n# This output is used by Xcode 'outputs' to avoid re-running this script phase.\necho \"SUCCESS\" > \"${SCRIPT_OUTPUT_FILE_0}\"\n";
			showEnvVarsInLog = 0;
		};
		B172B37DE2CE0E0688FEC744 /* [CP] Embed Pods Frameworks */ = {
			isa = PBXShellScriptBuildPhase;
			buildActionMask = 2147483647;
			files = (
			);
			inputPaths = (
			);
			name = "[CP] Embed Pods Frameworks";
			outputPaths = (
			);
			runOnlyForDeploymentPostprocessing = 0;
			shellPath = /bin/sh;
			shellScript = "\"${SRCROOT}/Pods/Target Support Files/Pods-MexiRefUITests/Pods-MexiRefUITests-frameworks.sh\"\n";
			showEnvVarsInLog = 0;
		};
		D4F4DF38F0BDB19D08BD66BC /* [CP] Embed Pods Frameworks */ = {
			isa = PBXShellScriptBuildPhase;
			buildActionMask = 2147483647;
			files = (
			);
			inputPaths = (
			);
			name = "[CP] Embed Pods Frameworks";
			outputPaths = (
			);
			runOnlyForDeploymentPostprocessing = 0;
			shellPath = /bin/sh;
			shellScript = "\"${SRCROOT}/Pods/Target Support Files/Pods-MexiRefTests/Pods-MexiRefTests-frameworks.sh\"\n";
			showEnvVarsInLog = 0;
		};
		D7A4E38DB72D3ED06A59C8B8 /* [CP] Copy Pods Resources */ = {
			isa = PBXShellScriptBuildPhase;
			buildActionMask = 2147483647;
			files = (
			);
			inputPaths = (
			);
			name = "[CP] Copy Pods Resources";
			outputPaths = (
			);
			runOnlyForDeploymentPostprocessing = 0;
			shellPath = /bin/sh;
			shellScript = "\"${SRCROOT}/Pods/Target Support Files/Pods-MexiRefTests/Pods-MexiRefTests-resources.sh\"\n";
			showEnvVarsInLog = 0;
		};
		F459048D2CFB23400C957E5B /* [CP] Copy Pods Resources */ = {
			isa = PBXShellScriptBuildPhase;
			buildActionMask = 2147483647;
			files = (
			);
			inputPaths = (
			);
			name = "[CP] Copy Pods Resources";
			outputPaths = (
			);
			runOnlyForDeploymentPostprocessing = 0;
			shellPath = /bin/sh;
			shellScript = "\"${SRCROOT}/Pods/Target Support Files/Pods-MexiRefUITests/Pods-MexiRefUITests-resources.sh\"\n";
			showEnvVarsInLog = 0;
		};
		FD7865150B2FC0E2A5F3E3F3 /* [CP] Embed Pods Frameworks */ = {
			isa = PBXShellScriptBuildPhase;
			buildActionMask = 2147483647;
			files = (
			);
			inputPaths = (
				"${SRCROOT}/Pods/Target Support Files/Pods-MexiRef/Pods-MexiRef-frameworks.sh",
				"${BUILT_PRODUCTS_DIR}/GoogleToolboxForMac/GoogleToolboxForMac.framework",
				"${BUILT_PRODUCTS_DIR}/nanopb/nanopb.framework",
			);
			name = "[CP] Embed Pods Frameworks";
			outputPaths = (
				"${TARGET_BUILD_DIR}/${FRAMEWORKS_FOLDER_PATH}/GoogleToolboxForMac.framework",
				"${TARGET_BUILD_DIR}/${FRAMEWORKS_FOLDER_PATH}/nanopb.framework",
			);
			runOnlyForDeploymentPostprocessing = 0;
			shellPath = /bin/sh;
			shellScript = "\"${SRCROOT}/Pods/Target Support Files/Pods-MexiRef/Pods-MexiRef-frameworks.sh\"\n";
			showEnvVarsInLog = 0;
		};
/* End PBXShellScriptBuildPhase section */

/* Begin PBXSourcesBuildPhase section */
		44FC18C920BD3B2F00E558FC /* Sources */ = {
			isa = PBXSourcesBuildPhase;
			buildActionMask = 2147483647;
			files = (
				44FC18D320BD3B2F00E558FC /* ViewController.swift in Sources */,
				44FC18D120BD3B2F00E558FC /* AppDelegate.swift in Sources */,
			);
			runOnlyForDeploymentPostprocessing = 0;
		};
		44FC18DD20BD3B3100E558FC /* Sources */ = {
			isa = PBXSourcesBuildPhase;
			buildActionMask = 2147483647;
			files = (
				44FC18E620BD3B3100E558FC /* MexiRefTests.swift in Sources */,
			);
			runOnlyForDeploymentPostprocessing = 0;
		};
		44FC18E820BD3B3100E558FC /* Sources */ = {
			isa = PBXSourcesBuildPhase;
			buildActionMask = 2147483647;
			files = (
				44FC18F120BD3B3100E558FC /* MexiRefUITests.swift in Sources */,
			);
			runOnlyForDeploymentPostprocessing = 0;
		};
/* End PBXSourcesBuildPhase section */

/* Begin PBXTargetDependency section */
		44FC18E320BD3B3100E558FC /* PBXTargetDependency */ = {
			isa = PBXTargetDependency;
			target = 44FC18CC20BD3B2F00E558FC /* MexiRef */;
			targetProxy = 44FC18E220BD3B3100E558FC /* PBXContainerItemProxy */;
		};
		44FC18EE20BD3B3100E558FC /* PBXTargetDependency */ = {
			isa = PBXTargetDependency;
			target = 44FC18CC20BD3B2F00E558FC /* MexiRef */;
			targetProxy = 44FC18ED20BD3B3100E558FC /* PBXContainerItemProxy */;
		};
/* End PBXTargetDependency section */

/* Begin PBXVariantGroup section */
		44FC18D420BD3B2F00E558FC /* Main.storyboard */ = {
			isa = PBXVariantGroup;
			children = (
				44FC18D520BD3B2F00E558FC /* Base */,
			);
			name = Main.storyboard;
			sourceTree = "<group>";
		};
		44FC18D920BD3B3100E558FC /* LaunchScreen.storyboard */ = {
			isa = PBXVariantGroup;
			children = (
				44FC18DA20BD3B3100E558FC /* Base */,
			);
			name = LaunchScreen.storyboard;
			sourceTree = "<group>";
		};
/* End PBXVariantGroup section */

/* Begin XCBuildConfiguration section */
		44FC18F320BD3B3100E558FC /* Debug */ = {
			isa = XCBuildConfiguration;
			buildSettings = {
				ALWAYS_SEARCH_USER_PATHS = NO;
				CLANG_ANALYZER_NONNULL = YES;
				CLANG_ANALYZER_NUMBER_OBJECT_CONVERSION = YES_AGGRESSIVE;
				CLANG_CXX_LANGUAGE_STANDARD = "gnu++14";
				CLANG_CXX_LIBRARY = "libc++";
				CLANG_ENABLE_MODULES = YES;
				CLANG_ENABLE_OBJC_ARC = YES;
				CLANG_ENABLE_OBJC_WEAK = YES;
				CLANG_WARN_BLOCK_CAPTURE_AUTORELEASING = YES;
				CLANG_WARN_BOOL_CONVERSION = YES;
				CLANG_WARN_COMMA = YES;
				CLANG_WARN_CONSTANT_CONVERSION = YES;
				CLANG_WARN_DEPRECATED_OBJC_IMPLEMENTATIONS = YES;
				CLANG_WARN_DIRECT_OBJC_ISA_USAGE = YES_ERROR;
				CLANG_WARN_DOCUMENTATION_COMMENTS = YES;
				CLANG_WARN_EMPTY_BODY = YES;
				CLANG_WARN_ENUM_CONVERSION = YES;
				CLANG_WARN_INFINITE_RECURSION = YES;
				CLANG_WARN_INT_CONVERSION = YES;
				CLANG_WARN_NON_LITERAL_NULL_CONVERSION = YES;
				CLANG_WARN_OBJC_IMPLICIT_RETAIN_SELF = YES;
				CLANG_WARN_OBJC_LITERAL_CONVERSION = YES;
				CLANG_WARN_OBJC_ROOT_CLASS = YES_ERROR;
				CLANG_WARN_RANGE_LOOP_ANALYSIS = YES;
				CLANG_WARN_STRICT_PROTOTYPES = YES;
				CLANG_WARN_SUSPICIOUS_MOVE = YES;
				CLANG_WARN_UNGUARDED_AVAILABILITY = YES_AGGRESSIVE;
				CLANG_WARN_UNREACHABLE_CODE = YES;
				CLANG_WARN__DUPLICATE_METHOD_MATCH = YES;
				CODE_SIGN_IDENTITY = "iPhone Developer";
				COPY_PHASE_STRIP = NO;
				DEBUG_INFORMATION_FORMAT = dwarf;
				ENABLE_STRICT_OBJC_MSGSEND = YES;
				ENABLE_TESTABILITY = YES;
				GCC_C_LANGUAGE_STANDARD = gnu11;
				GCC_DYNAMIC_NO_PIC = NO;
				GCC_NO_COMMON_BLOCKS = YES;
				GCC_OPTIMIZATION_LEVEL = 0;
				GCC_PREPROCESSOR_DEFINITIONS = (
					"DEBUG=1",
					"$(inherited)",
				);
				GCC_WARN_64_TO_32_BIT_CONVERSION = YES;
				GCC_WARN_ABOUT_RETURN_TYPE = YES_ERROR;
				GCC_WARN_UNDECLARED_SELECTOR = YES;
				GCC_WARN_UNINITIALIZED_AUTOS = YES_AGGRESSIVE;
				GCC_WARN_UNUSED_FUNCTION = YES;
				GCC_WARN_UNUSED_VARIABLE = YES;
				IPHONEOS_DEPLOYMENT_TARGET = 11.3;
				MTL_ENABLE_DEBUG_INFO = YES;
				ONLY_ACTIVE_ARCH = YES;
				SDKROOT = iphoneos;
				SWIFT_ACTIVE_COMPILATION_CONDITIONS = DEBUG;
				SWIFT_OPTIMIZATION_LEVEL = "-Onone";
			};
			name = Debug;
		};
		44FC18F420BD3B3100E558FC /* Release */ = {
			isa = XCBuildConfiguration;
			buildSettings = {
				ALWAYS_SEARCH_USER_PATHS = NO;
				CLANG_ANALYZER_NONNULL = YES;
				CLANG_ANALYZER_NUMBER_OBJECT_CONVERSION = YES_AGGRESSIVE;
				CLANG_CXX_LANGUAGE_STANDARD = "gnu++14";
				CLANG_CXX_LIBRARY = "libc++";
				CLANG_ENABLE_MODULES = YES;
				CLANG_ENABLE_OBJC_ARC = YES;
				CLANG_ENABLE_OBJC_WEAK = YES;
				CLANG_WARN_BLOCK_CAPTURE_AUTORELEASING = YES;
				CLANG_WARN_BOOL_CONVERSION = YES;
				CLANG_WARN_COMMA = YES;
				CLANG_WARN_CONSTANT_CONVERSION = YES;
				CLANG_WARN_DEPRECATED_OBJC_IMPLEMENTATIONS = YES;
				CLANG_WARN_DIRECT_OBJC_ISA_USAGE = YES_ERROR;
				CLANG_WARN_DOCUMENTATION_COMMENTS = YES;
				CLANG_WARN_EMPTY_BODY = YES;
				CLANG_WARN_ENUM_CONVERSION = YES;
				CLANG_WARN_INFINITE_RECURSION = YES;
				CLANG_WARN_INT_CONVERSION = YES;
				CLANG_WARN_NON_LITERAL_NULL_CONVERSION = YES;
				CLANG_WARN_OBJC_IMPLICIT_RETAIN_SELF = YES;
				CLANG_WARN_OBJC_LITERAL_CONVERSION = YES;
				CLANG_WARN_OBJC_ROOT_CLASS = YES_ERROR;
				CLANG_WARN_RANGE_LOOP_ANALYSIS = YES;
				CLANG_WARN_STRICT_PROTOTYPES = YES;
				CLANG_WARN_SUSPICIOUS_MOVE = YES;
				CLANG_WARN_UNGUARDED_AVAILABILITY = YES_AGGRESSIVE;
				CLANG_WARN_UNREACHABLE_CODE = YES;
				CLANG_WARN__DUPLICATE_METHOD_MATCH = YES;
				CODE_SIGN_IDENTITY = "iPhone Developer";
				COPY_PHASE_STRIP = NO;
				DEBUG_INFORMATION_FORMAT = "dwarf-with-dsym";
				ENABLE_NS_ASSERTIONS = NO;
				ENABLE_STRICT_OBJC_MSGSEND = YES;
				GCC_C_LANGUAGE_STANDARD = gnu11;
				GCC_NO_COMMON_BLOCKS = YES;
				GCC_WARN_64_TO_32_BIT_CONVERSION = YES;
				GCC_WARN_ABOUT_RETURN_TYPE = YES_ERROR;
				GCC_WARN_UNDECLARED_SELECTOR = YES;
				GCC_WARN_UNINITIALIZED_AUTOS = YES_AGGRESSIVE;
				GCC_WARN_UNUSED_FUNCTION = YES;
				GCC_WARN_UNUSED_VARIABLE = YES;
				IPHONEOS_DEPLOYMENT_TARGET = 11.3;
				MTL_ENABLE_DEBUG_INFO = NO;
				SDKROOT = iphoneos;
				SWIFT_COMPILATION_MODE = wholemodule;
				SWIFT_OPTIMIZATION_LEVEL = "-O";
				VALIDATE_PRODUCT = YES;
			};
			name = Release;
		};
		44FC18F620BD3B3100E558FC /* Debug */ = {
			isa = XCBuildConfiguration;
			baseConfigurationReference = D4956AF025E5BE84B173500C /* Pods-MexiRef.debug.xcconfig */;
			buildSettings = {
				ASSETCATALOG_COMPILER_APPICON_NAME = AppIcon;
				CODE_SIGN_STYLE = Automatic;
				DEVELOPMENT_TEAM = 86CZ52Y2CQ;
				INFOPLIST_FILE = MexiRef/Info.plist;
				LD_RUNPATH_SEARCH_PATHS = "$(inherited) @executable_path/Frameworks";
				PRODUCT_BUNDLE_IDENTIFIER = MexiRef.MexiRef;
				PRODUCT_NAME = "$(TARGET_NAME)";
				SWIFT_VERSION = 4.0;
				TARGETED_DEVICE_FAMILY = "1,2";
			};
			name = Debug;
		};
		44FC18F720BD3B3100E558FC /* Release */ = {
			isa = XCBuildConfiguration;
			baseConfigurationReference = 329BCFB6E3F00EE6AEDFAA68 /* Pods-MexiRef.release.xcconfig */;
			buildSettings = {
				ASSETCATALOG_COMPILER_APPICON_NAME = AppIcon;
				CODE_SIGN_STYLE = Automatic;
				DEVELOPMENT_TEAM = 86CZ52Y2CQ;
				INFOPLIST_FILE = MexiRef/Info.plist;
				LD_RUNPATH_SEARCH_PATHS = "$(inherited) @executable_path/Frameworks";
				PRODUCT_BUNDLE_IDENTIFIER = MexiRef.MexiRef;
				PRODUCT_NAME = "$(TARGET_NAME)";
				SWIFT_VERSION = 4.0;
				TARGETED_DEVICE_FAMILY = "1,2";
			};
			name = Release;
		};
		44FC18F920BD3B3100E558FC /* Debug */ = {
			isa = XCBuildConfiguration;
			baseConfigurationReference = 354967C9D4AA4663D23D4208 /* Pods-MexiRefTests.debug.xcconfig */;
			buildSettings = {
				ALWAYS_EMBED_SWIFT_STANDARD_LIBRARIES = YES;
				BUNDLE_LOADER = "$(TEST_HOST)";
				CODE_SIGN_STYLE = Automatic;
				DEVELOPMENT_TEAM = 86CZ52Y2CQ;
				INFOPLIST_FILE = MexiRefTests/Info.plist;
				LD_RUNPATH_SEARCH_PATHS = "$(inherited) @executable_path/Frameworks @loader_path/Frameworks";
				PRODUCT_BUNDLE_IDENTIFIER = MexiRef.MexiRefTests;
				PRODUCT_NAME = "$(TARGET_NAME)";
				SWIFT_VERSION = 4.0;
				TARGETED_DEVICE_FAMILY = "1,2";
				TEST_HOST = "$(BUILT_PRODUCTS_DIR)/MexiRef.app/MexiRef";
			};
			name = Debug;
		};
		44FC18FA20BD3B3100E558FC /* Release */ = {
			isa = XCBuildConfiguration;
			baseConfigurationReference = 4C4ED437A0B4076AB2720462 /* Pods-MexiRefTests.release.xcconfig */;
			buildSettings = {
				ALWAYS_EMBED_SWIFT_STANDARD_LIBRARIES = YES;
				BUNDLE_LOADER = "$(TEST_HOST)";
				CODE_SIGN_STYLE = Automatic;
				DEVELOPMENT_TEAM = 86CZ52Y2CQ;
				INFOPLIST_FILE = MexiRefTests/Info.plist;
				LD_RUNPATH_SEARCH_PATHS = "$(inherited) @executable_path/Frameworks @loader_path/Frameworks";
				PRODUCT_BUNDLE_IDENTIFIER = MexiRef.MexiRefTests;
				PRODUCT_NAME = "$(TARGET_NAME)";
				SWIFT_VERSION = 4.0;
				TARGETED_DEVICE_FAMILY = "1,2";
				TEST_HOST = "$(BUILT_PRODUCTS_DIR)/MexiRef.app/MexiRef";
			};
			name = Release;
		};
		44FC18FC20BD3B3100E558FC /* Debug */ = {
			isa = XCBuildConfiguration;
			baseConfigurationReference = E9BC22BA6BFCAB8D11594E18 /* Pods-MexiRefUITests.debug.xcconfig */;
			buildSettings = {
				ALWAYS_EMBED_SWIFT_STANDARD_LIBRARIES = YES;
				CODE_SIGN_STYLE = Automatic;
				DEVELOPMENT_TEAM = 86CZ52Y2CQ;
				INFOPLIST_FILE = MexiRefUITests/Info.plist;
				LD_RUNPATH_SEARCH_PATHS = "$(inherited) @executable_path/Frameworks @loader_path/Frameworks";
				PRODUCT_BUNDLE_IDENTIFIER = MexiRef.MexiRefUITests;
				PRODUCT_NAME = "$(TARGET_NAME)";
				SWIFT_VERSION = 4.0;
				TARGETED_DEVICE_FAMILY = "1,2";
				TEST_TARGET_NAME = MexiRef;
			};
			name = Debug;
		};
		44FC18FD20BD3B3100E558FC /* Release */ = {
			isa = XCBuildConfiguration;
			baseConfigurationReference = EDDF360A3A6508EE425EE6D6 /* Pods-MexiRefUITests.release.xcconfig */;
			buildSettings = {
				ALWAYS_EMBED_SWIFT_STANDARD_LIBRARIES = YES;
				CODE_SIGN_STYLE = Automatic;
				DEVELOPMENT_TEAM = 86CZ52Y2CQ;
				INFOPLIST_FILE = MexiRefUITests/Info.plist;
				LD_RUNPATH_SEARCH_PATHS = "$(inherited) @executable_path/Frameworks @loader_path/Frameworks";
				PRODUCT_BUNDLE_IDENTIFIER = MexiRef.MexiRefUITests;
				PRODUCT_NAME = "$(TARGET_NAME)";
				SWIFT_VERSION = 4.0;
				TARGETED_DEVICE_FAMILY = "1,2";
				TEST_TARGET_NAME = MexiRef;
			};
			name = Release;
		};
/* End XCBuildConfiguration section */

/* Begin XCConfigurationList section */
		44FC18C820BD3B2F00E558FC /* Build configuration list for PBXProject "MexiRef" */ = {
			isa = XCConfigurationList;
			buildConfigurations = (
				44FC18F320BD3B3100E558FC /* Debug */,
				44FC18F420BD3B3100E558FC /* Release */,
			);
			defaultConfigurationIsVisible = 0;
			defaultConfigurationName = Release;
		};
		44FC18F520BD3B3100E558FC /* Build configuration list for PBXNativeTarget "MexiRef" */ = {
			isa = XCConfigurationList;
			buildConfigurations = (
				44FC18F620BD3B3100E558FC /* Debug */,
				44FC18F720BD3B3100E558FC /* Release */,
			);
			defaultConfigurationIsVisible = 0;
			defaultConfigurationName = Release;
		};
		44FC18F820BD3B3100E558FC /* Build configuration list for PBXNativeTarget "MexiRefTests" */ = {
			isa = XCConfigurationList;
			buildConfigurations = (
				44FC18F920BD3B3100E558FC /* Debug */,
				44FC18FA20BD3B3100E558FC /* Release */,
			);
			defaultConfigurationIsVisible = 0;
			defaultConfigurationName = Release;
		};
		44FC18FB20BD3B3100E558FC /* Build configuration list for PBXNativeTarget "MexiRefUITests" */ = {
			isa = XCConfigurationList;
			buildConfigurations = (
				44FC18FC20BD3B3100E558FC /* Debug */,
				44FC18FD20BD3B3100E558FC /* Release */,
			);
			defaultConfigurationIsVisible = 0;
			defaultConfigurationName = Release;
		};
/* End XCConfigurationList section */
	};
	rootObject = 44FC18C520BD3B2F00E558FC /* Project object */;
}
